// !$*UTF8*$!
{
	archiveVersion = 1;
	classes = {
	};
	objectVersion = 46;
	objects = {

/* Begin PBXBuildFile section */
		38021B321C44AC7700CA31C6 /* StatesData.swift in Sources */ = {isa = PBXBuildFile; fileRef = 38021B311C44AC7700CA31C6 /* StatesData.swift */; };
		3839219D1C41F442003320E3 /* AppDelegate.swift in Sources */ = {isa = PBXBuildFile; fileRef = 3839219C1C41F442003320E3 /* AppDelegate.swift */; };
		3839219F1C41F442003320E3 /* ViewController.swift in Sources */ = {isa = PBXBuildFile; fileRef = 3839219E1C41F442003320E3 /* ViewController.swift */; };
		383921A21C41F442003320E3 /* Main.storyboard in Resources */ = {isa = PBXBuildFile; fileRef = 383921A01C41F442003320E3 /* Main.storyboard */; };
		383921A41C41F442003320E3 /* Assets.xcassets in Resources */ = {isa = PBXBuildFile; fileRef = 383921A31C41F442003320E3 /* Assets.xcassets */; };
		383921A71C41F442003320E3 /* LaunchScreen.storyboard in Resources */ = {isa = PBXBuildFile; fileRef = 383921A51C41F442003320E3 /* LaunchScreen.storyboard */; };
		38C49C771C48B0A7001DB4D6 /* CapitolButton.swift in Sources */ = {isa = PBXBuildFile; fileRef = 38C49C761C48B0A7001DB4D6 /* CapitolButton.swift */; };
		38C49C7A1C49CA64001DB4D6 /* california.png in Resources */ = {isa = PBXBuildFile; fileRef = 38C49C791C49CA64001DB4D6 /* california.png */; };
		38C49CAC1C49CE77001DB4D6 /* wyoming.png in Resources */ = {isa = PBXBuildFile; fileRef = 38C49C7B1C49CE77001DB4D6 /* wyoming.png */; };
		38C49CAD1C49CE77001DB4D6 /* wisconsin.png in Resources */ = {isa = PBXBuildFile; fileRef = 38C49C7C1C49CE77001DB4D6 /* wisconsin.png */; };
		38C49CAE1C49CE77001DB4D6 /* westVirginia.png in Resources */ = {isa = PBXBuildFile; fileRef = 38C49C7D1C49CE77001DB4D6 /* westVirginia.png */; };
		38C49CAF1C49CE77001DB4D6 /* washington.png in Resources */ = {isa = PBXBuildFile; fileRef = 38C49C7E1C49CE77001DB4D6 /* washington.png */; };
		38C49CB01C49CE77001DB4D6 /* virginia.png in Resources */ = {isa = PBXBuildFile; fileRef = 38C49C7F1C49CE77001DB4D6 /* virginia.png */; };
		38C49CB11C49CE77001DB4D6 /* vermont.png in Resources */ = {isa = PBXBuildFile; fileRef = 38C49C801C49CE77001DB4D6 /* vermont.png */; };
		38C49CB21C49CE77001DB4D6 /* utah.png in Resources */ = {isa = PBXBuildFile; fileRef = 38C49C811C49CE77001DB4D6 /* utah.png */; };
		38C49CB31C49CE77001DB4D6 /* texas.png in Resources */ = {isa = PBXBuildFile; fileRef = 38C49C821C49CE77001DB4D6 /* texas.png */; };
		38C49CB41C49CE77001DB4D6 /* tennessee.png in Resources */ = {isa = PBXBuildFile; fileRef = 38C49C831C49CE77001DB4D6 /* tennessee.png */; };
		38C49CB51C49CE77001DB4D6 /* southDakota.png in Resources */ = {isa = PBXBuildFile; fileRef = 38C49C841C49CE77001DB4D6 /* southDakota.png */; };
		38C49CB61C49CE77001DB4D6 /* southCarolina.png in Resources */ = {isa = PBXBuildFile; fileRef = 38C49C851C49CE77001DB4D6 /* southCarolina.png */; };
		38C49CB71C49CE77001DB4D6 /* rhodeIsland.png in Resources */ = {isa = PBXBuildFile; fileRef = 38C49C861C49CE77001DB4D6 /* rhodeIsland.png */; };
		38C49CB81C49CE77001DB4D6 /* pennsylvania.png in Resources */ = {isa = PBXBuildFile; fileRef = 38C49C871C49CE77001DB4D6 /* pennsylvania.png */; };
		38C49CB91C49CE77001DB4D6 /* oregon.png in Resources */ = {isa = PBXBuildFile; fileRef = 38C49C881C49CE77001DB4D6 /* oregon.png */; };
		38C49CBA1C49CE77001DB4D6 /* oklahoma.png in Resources */ = {isa = PBXBuildFile; fileRef = 38C49C891C49CE77001DB4D6 /* oklahoma.png */; };
		38C49CBB1C49CE77001DB4D6 /* ohio.png in Resources */ = {isa = PBXBuildFile; fileRef = 38C49C8A1C49CE77001DB4D6 /* ohio.png */; };
		38C49CBC1C49CE77001DB4D6 /* northDakota.png in Resources */ = {isa = PBXBuildFile; fileRef = 38C49C8B1C49CE77001DB4D6 /* northDakota.png */; };
		38C49CBD1C49CE77001DB4D6 /* northCarolina.png in Resources */ = {isa = PBXBuildFile; fileRef = 38C49C8C1C49CE77001DB4D6 /* northCarolina.png */; };
		38C49CBE1C49CE77001DB4D6 /* newYork.png in Resources */ = {isa = PBXBuildFile; fileRef = 38C49C8D1C49CE77001DB4D6 /* newYork.png */; };
		38C49CBF1C49CE77001DB4D6 /* newMexico.png in Resources */ = {isa = PBXBuildFile; fileRef = 38C49C8E1C49CE77001DB4D6 /* newMexico.png */; };
		38C49CC01C49CE77001DB4D6 /* newJersey.png in Resources */ = {isa = PBXBuildFile; fileRef = 38C49C8F1C49CE77001DB4D6 /* newJersey.png */; };
		38C49CC11C49CE77001DB4D6 /* newHampshire.png in Resources */ = {isa = PBXBuildFile; fileRef = 38C49C901C49CE77001DB4D6 /* newHampshire.png */; };
		38C49CC21C49CE77001DB4D6 /* nevada.png in Resources */ = {isa = PBXBuildFile; fileRef = 38C49C911C49CE77001DB4D6 /* nevada.png */; };
		38C49CC31C49CE77001DB4D6 /* nebraska.png in Resources */ = {isa = PBXBuildFile; fileRef = 38C49C921C49CE77001DB4D6 /* nebraska.png */; };
		38C49CC41C49CE77001DB4D6 /* montana.png in Resources */ = {isa = PBXBuildFile; fileRef = 38C49C931C49CE77001DB4D6 /* montana.png */; };
		38C49CC51C49CE77001DB4D6 /* missouri.png in Resources */ = {isa = PBXBuildFile; fileRef = 38C49C941C49CE77001DB4D6 /* missouri.png */; };
		38C49CC61C49CE77001DB4D6 /* mississippi.png in Resources */ = {isa = PBXBuildFile; fileRef = 38C49C951C49CE77001DB4D6 /* mississippi.png */; };
		38C49CC71C49CE77001DB4D6 /* minnesota.png in Resources */ = {isa = PBXBuildFile; fileRef = 38C49C961C49CE77001DB4D6 /* minnesota.png */; };
		38C49CC81C49CE77001DB4D6 /* michigan.png in Resources */ = {isa = PBXBuildFile; fileRef = 38C49C971C49CE77001DB4D6 /* michigan.png */; };
		38C49CC91C49CE77001DB4D6 /* massachusetts.png in Resources */ = {isa = PBXBuildFile; fileRef = 38C49C981C49CE77001DB4D6 /* massachusetts.png */; };
		38C49CCA1C49CE77001DB4D6 /* maryland.png in Resources */ = {isa = PBXBuildFile; fileRef = 38C49C991C49CE77001DB4D6 /* maryland.png */; };
		38C49CCB1C49CE77001DB4D6 /* maine.png in Resources */ = {isa = PBXBuildFile; fileRef = 38C49C9A1C49CE77001DB4D6 /* maine.png */; };
		38C49CCC1C49CE77001DB4D6 /* louisiana.png in Resources */ = {isa = PBXBuildFile; fileRef = 38C49C9B1C49CE77001DB4D6 /* louisiana.png */; };
		38C49CCD1C49CE77001DB4D6 /* kentucky.png in Resources */ = {isa = PBXBuildFile; fileRef = 38C49C9C1C49CE77001DB4D6 /* kentucky.png */; };
		38C49CCE1C49CE77001DB4D6 /* kansas.png in Resources */ = {isa = PBXBuildFile; fileRef = 38C49C9D1C49CE77001DB4D6 /* kansas.png */; };
		38C49CCF1C49CE77001DB4D6 /* iowa.png in Resources */ = {isa = PBXBuildFile; fileRef = 38C49C9E1C49CE77001DB4D6 /* iowa.png */; };
		38C49CD01C49CE77001DB4D6 /* indiana.png in Resources */ = {isa = PBXBuildFile; fileRef = 38C49C9F1C49CE77001DB4D6 /* indiana.png */; };
		38C49CD11C49CE77001DB4D6 /* illinois.png in Resources */ = {isa = PBXBuildFile; fileRef = 38C49CA01C49CE77001DB4D6 /* illinois.png */; };
		38C49CD21C49CE77001DB4D6 /* idaho.png in Resources */ = {isa = PBXBuildFile; fileRef = 38C49CA11C49CE77001DB4D6 /* idaho.png */; };
		38C49CD31C49CE77001DB4D6 /* hawaii.png in Resources */ = {isa = PBXBuildFile; fileRef = 38C49CA21C49CE77001DB4D6 /* hawaii.png */; };
		38C49CD41C49CE77001DB4D6 /* georgia.png in Resources */ = {isa = PBXBuildFile; fileRef = 38C49CA31C49CE77001DB4D6 /* georgia.png */; };
		38C49CD51C49CE77001DB4D6 /* florida.png in Resources */ = {isa = PBXBuildFile; fileRef = 38C49CA41C49CE77001DB4D6 /* florida.png */; };
		38C49CD61C49CE77001DB4D6 /* delaware.png in Resources */ = {isa = PBXBuildFile; fileRef = 38C49CA51C49CE77001DB4D6 /* delaware.png */; };
		38C49CD71C49CE77001DB4D6 /* connecticut.png in Resources */ = {isa = PBXBuildFile; fileRef = 38C49CA61C49CE77001DB4D6 /* connecticut.png */; };
		38C49CD81C49CE77001DB4D6 /* colorado.png in Resources */ = {isa = PBXBuildFile; fileRef = 38C49CA71C49CE77001DB4D6 /* colorado.png */; };
		38C49CD91C49CE77001DB4D6 /* arkansas.png in Resources */ = {isa = PBXBuildFile; fileRef = 38C49CA81C49CE77001DB4D6 /* arkansas.png */; };
		38C49CDA1C49CE77001DB4D6 /* arizona.png in Resources */ = {isa = PBXBuildFile; fileRef = 38C49CA91C49CE77001DB4D6 /* arizona.png */; };
		38C49CDB1C49CE77001DB4D6 /* alaska.png in Resources */ = {isa = PBXBuildFile; fileRef = 38C49CAA1C49CE77001DB4D6 /* alaska.png */; };
		38C49CDC1C49CE77001DB4D6 /* alabama.png in Resources */ = {isa = PBXBuildFile; fileRef = 38C49CAB1C49CE77001DB4D6 /* alabama.png */; };
/* End PBXBuildFile section */

/* Begin PBXFileReference section */
		38021B311C44AC7700CA31C6 /* StatesData.swift */ = {isa = PBXFileReference; fileEncoding = 4; lastKnownFileType = sourcecode.swift; path = StatesData.swift; sourceTree = "<group>"; };
		383921991C41F442003320E3 /* StatesAndCapitals.app */ = {isa = PBXFileReference; explicitFileType = wrapper.application; includeInIndex = 0; path = StatesAndCapitals.app; sourceTree = BUILT_PRODUCTS_DIR; };
		3839219C1C41F442003320E3 /* AppDelegate.swift */ = {isa = PBXFileReference; lastKnownFileType = sourcecode.swift; path = AppDelegate.swift; sourceTree = "<group>"; };
		3839219E1C41F442003320E3 /* ViewController.swift */ = {isa = PBXFileReference; lastKnownFileType = sourcecode.swift; path = ViewController.swift; sourceTree = "<group>"; };
		383921A11C41F442003320E3 /* Base */ = {isa = PBXFileReference; lastKnownFileType = file.storyboard; name = Base; path = Base.lproj/Main.storyboard; sourceTree = "<group>"; };
		383921A31C41F442003320E3 /* Assets.xcassets */ = {isa = PBXFileReference; lastKnownFileType = folder.assetcatalog; path = Assets.xcassets; sourceTree = "<group>"; };
		383921A61C41F442003320E3 /* Base */ = {isa = PBXFileReference; lastKnownFileType = file.storyboard; name = Base; path = Base.lproj/LaunchScreen.storyboard; sourceTree = "<group>"; };
		383921A81C41F442003320E3 /* Info.plist */ = {isa = PBXFileReference; lastKnownFileType = text.plist.xml; path = Info.plist; sourceTree = "<group>"; };
		38C49C761C48B0A7001DB4D6 /* CapitolButton.swift */ = {isa = PBXFileReference; fileEncoding = 4; lastKnownFileType = sourcecode.swift; path = CapitolButton.swift; sourceTree = "<group>"; };
		38C49C791C49CA64001DB4D6 /* california.png */ = {isa = PBXFileReference; lastKnownFileType = image.png; path = california.png; sourceTree = "<group>"; };
		38C49C7B1C49CE77001DB4D6 /* wyoming.png */ = {isa = PBXFileReference; lastKnownFileType = image.png; path = wyoming.png; sourceTree = "<group>"; };
		38C49C7C1C49CE77001DB4D6 /* wisconsin.png */ = {isa = PBXFileReference; lastKnownFileType = image.png; path = wisconsin.png; sourceTree = "<group>"; };
		38C49C7D1C49CE77001DB4D6 /* westVirginia.png */ = {isa = PBXFileReference; lastKnownFileType = image.png; path = westVirginia.png; sourceTree = "<group>"; };
		38C49C7E1C49CE77001DB4D6 /* washington.png */ = {isa = PBXFileReference; lastKnownFileType = image.png; path = washington.png; sourceTree = "<group>"; };
		38C49C7F1C49CE77001DB4D6 /* virginia.png */ = {isa = PBXFileReference; lastKnownFileType = image.png; path = virginia.png; sourceTree = "<group>"; };
		38C49C801C49CE77001DB4D6 /* vermont.png */ = {isa = PBXFileReference; lastKnownFileType = image.png; path = vermont.png; sourceTree = "<group>"; };
		38C49C811C49CE77001DB4D6 /* utah.png */ = {isa = PBXFileReference; lastKnownFileType = image.png; path = utah.png; sourceTree = "<group>"; };
		38C49C821C49CE77001DB4D6 /* texas.png */ = {isa = PBXFileReference; lastKnownFileType = image.png; path = texas.png; sourceTree = "<group>"; };
		38C49C831C49CE77001DB4D6 /* tennessee.png */ = {isa = PBXFileReference; lastKnownFileType = image.png; path = tennessee.png; sourceTree = "<group>"; };
		38C49C841C49CE77001DB4D6 /* southDakota.png */ = {isa = PBXFileReference; lastKnownFileType = image.png; path = southDakota.png; sourceTree = "<group>"; };
		38C49C851C49CE77001DB4D6 /* southCarolina.png */ = {isa = PBXFileReference; lastKnownFileType = image.png; path = southCarolina.png; sourceTree = "<group>"; };
		38C49C861C49CE77001DB4D6 /* rhodeIsland.png */ = {isa = PBXFileReference; lastKnownFileType = image.png; path = rhodeIsland.png; sourceTree = "<group>"; };
		38C49C871C49CE77001DB4D6 /* pennsylvania.png */ = {isa = PBXFileReference; lastKnownFileType = image.png; path = pennsylvania.png; sourceTree = "<group>"; };
		38C49C881C49CE77001DB4D6 /* oregon.png */ = {isa = PBXFileReference; lastKnownFileType = image.png; path = oregon.png; sourceTree = "<group>"; };
		38C49C891C49CE77001DB4D6 /* oklahoma.png */ = {isa = PBXFileReference; lastKnownFileType = image.png; path = oklahoma.png; sourceTree = "<group>"; };
		38C49C8A1C49CE77001DB4D6 /* ohio.png */ = {isa = PBXFileReference; lastKnownFileType = image.png; path = ohio.png; sourceTree = "<group>"; };
		38C49C8B1C49CE77001DB4D6 /* northDakota.png */ = {isa = PBXFileReference; lastKnownFileType = image.png; path = northDakota.png; sourceTree = "<group>"; };
		38C49C8C1C49CE77001DB4D6 /* northCarolina.png */ = {isa = PBXFileReference; lastKnownFileType = image.png; path = northCarolina.png; sourceTree = "<group>"; };
		38C49C8D1C49CE77001DB4D6 /* newYork.png */ = {isa = PBXFileReference; lastKnownFileType = image.png; path = newYork.png; sourceTree = "<group>"; };
		38C49C8E1C49CE77001DB4D6 /* newMexico.png */ = {isa = PBXFileReference; lastKnownFileType = image.png; path = newMexico.png; sourceTree = "<group>"; };
		38C49C8F1C49CE77001DB4D6 /* newJersey.png */ = {isa = PBXFileReference; lastKnownFileType = image.png; path = newJersey.png; sourceTree = "<group>"; };
		38C49C901C49CE77001DB4D6 /* newHampshire.png */ = {isa = PBXFileReference; lastKnownFileType = image.png; path = newHampshire.png; sourceTree = "<group>"; };
		38C49C911C49CE77001DB4D6 /* nevada.png */ = {isa = PBXFileReference; lastKnownFileType = image.png; path = nevada.png; sourceTree = "<group>"; };
		38C49C921C49CE77001DB4D6 /* nebraska.png */ = {isa = PBXFileReference; lastKnownFileType = image.png; path = nebraska.png; sourceTree = "<group>"; };
		38C49C931C49CE77001DB4D6 /* montana.png */ = {isa = PBXFileReference; lastKnownFileType = image.png; path = montana.png; sourceTree = "<group>"; };
		38C49C941C49CE77001DB4D6 /* missouri.png */ = {isa = PBXFileReference; lastKnownFileType = image.png; path = missouri.png; sourceTree = "<group>"; };
		38C49C951C49CE77001DB4D6 /* mississippi.png */ = {isa = PBXFileReference; lastKnownFileType = image.png; path = mississippi.png; sourceTree = "<group>"; };
		38C49C961C49CE77001DB4D6 /* minnesota.png */ = {isa = PBXFileReference; lastKnownFileType = image.png; path = minnesota.png; sourceTree = "<group>"; };
		38C49C971C49CE77001DB4D6 /* michigan.png */ = {isa = PBXFileReference; lastKnownFileType = image.png; path = michigan.png; sourceTree = "<group>"; };
		38C49C981C49CE77001DB4D6 /* massachusetts.png */ = {isa = PBXFileReference; lastKnownFileType = image.png; path = massachusetts.png; sourceTree = "<group>"; };
		38C49C991C49CE77001DB4D6 /* maryland.png */ = {isa = PBXFileReference; lastKnownFileType = image.png; path = maryland.png; sourceTree = "<group>"; };
		38C49C9A1C49CE77001DB4D6 /* maine.png */ = {isa = PBXFileReference; lastKnownFileType = image.png; path = maine.png; sourceTree = "<group>"; };
		38C49C9B1C49CE77001DB4D6 /* louisiana.png */ = {isa = PBXFileReference; lastKnownFileType = image.png; path = louisiana.png; sourceTree = "<group>"; };
		38C49C9C1C49CE77001DB4D6 /* kentucky.png */ = {isa = PBXFileReference; lastKnownFileType = image.png; path = kentucky.png; sourceTree = "<group>"; };
		38C49C9D1C49CE77001DB4D6 /* kansas.png */ = {isa = PBXFileReference; lastKnownFileType = image.png; path = kansas.png; sourceTree = "<group>"; };
		38C49C9E1C49CE77001DB4D6 /* iowa.png */ = {isa = PBXFileReference; lastKnownFileType = image.png; path = iowa.png; sourceTree = "<group>"; };
		38C49C9F1C49CE77001DB4D6 /* indiana.png */ = {isa = PBXFileReference; lastKnownFileType = image.png; path = indiana.png; sourceTree = "<group>"; };
		38C49CA01C49CE77001DB4D6 /* illinois.png */ = {isa = PBXFileReference; lastKnownFileType = image.png; path = illinois.png; sourceTree = "<group>"; };
		38C49CA11C49CE77001DB4D6 /* idaho.png */ = {isa = PBXFileReference; lastKnownFileType = image.png; path = idaho.png; sourceTree = "<group>"; };
		38C49CA21C49CE77001DB4D6 /* hawaii.png */ = {isa = PBXFileReference; lastKnownFileType = image.png; path = hawaii.png; sourceTree = "<group>"; };
		38C49CA31C49CE77001DB4D6 /* georgia.png */ = {isa = PBXFileReference; lastKnownFileType = image.png; path = georgia.png; sourceTree = "<group>"; };
		38C49CA41C49CE77001DB4D6 /* florida.png */ = {isa = PBXFileReference; lastKnownFileType = image.png; path = florida.png; sourceTree = "<group>"; };
		38C49CA51C49CE77001DB4D6 /* delaware.png */ = {isa = PBXFileReference; lastKnownFileType = image.png; path = delaware.png; sourceTree = "<group>"; };
		38C49CA61C49CE77001DB4D6 /* connecticut.png */ = {isa = PBXFileReference; lastKnownFileType = image.png; path = connecticut.png; sourceTree = "<group>"; };
		38C49CA71C49CE77001DB4D6 /* colorado.png */ = {isa = PBXFileReference; lastKnownFileType = image.png; path = colorado.png; sourceTree = "<group>"; };
		38C49CA81C49CE77001DB4D6 /* arkansas.png */ = {isa = PBXFileReference; lastKnownFileType = image.png; path = arkansas.png; sourceTree = "<group>"; };
		38C49CA91C49CE77001DB4D6 /* arizona.png */ = {isa = PBXFileReference; lastKnownFileType = image.png; path = arizona.png; sourceTree = "<group>"; };
		38C49CAA1C49CE77001DB4D6 /* alaska.png */ = {isa = PBXFileReference; lastKnownFileType = image.png; path = alaska.png; sourceTree = "<group>"; };
		38C49CAB1C49CE77001DB4D6 /* alabama.png */ = {isa = PBXFileReference; lastKnownFileType = image.png; path = alabama.png; sourceTree = "<group>"; };
/* End PBXFileReference section */

/* Begin PBXFrameworksBuildPhase section */
		383921961C41F442003320E3 /* Frameworks */ = {
			isa = PBXFrameworksBuildPhase;
			buildActionMask = 2147483647;
			files = (
			);
			runOnlyForDeploymentPostprocessing = 0;
		};
/* End PBXFrameworksBuildPhase section */

/* Begin PBXGroup section */
		383921901C41F442003320E3 = {
			isa = PBXGroup;
			children = (
				3839219B1C41F442003320E3 /* StatesAndCapitals */,
				3839219A1C41F442003320E3 /* Products */,
			);
			sourceTree = "<group>";
		};
		3839219A1C41F442003320E3 /* Products */ = {
			isa = PBXGroup;
			children = (
				383921991C41F442003320E3 /* StatesAndCapitals.app */,
			);
			name = Products;
			sourceTree = "<group>";
		};
		3839219B1C41F442003320E3 /* StatesAndCapitals */ = {
			isa = PBXGroup;
			children = (
				3839219C1C41F442003320E3 /* AppDelegate.swift */,
				3839219E1C41F442003320E3 /* ViewController.swift */,
				383921A01C41F442003320E3 /* Main.storyboard */,
				383921A31C41F442003320E3 /* Assets.xcassets */,
				383921A51C41F442003320E3 /* LaunchScreen.storyboard */,
				383921A81C41F442003320E3 /* Info.plist */,
				38021B311C44AC7700CA31C6 /* StatesData.swift */,
				38C49C761C48B0A7001DB4D6 /* CapitolButton.swift */,
				38C49C781C49CA41001DB4D6 /* states */,
			);
			name = StatesAndCapitals;
			path = StatesAndCapitols;
			sourceTree = "<group>";
		};
		38C49C781C49CA41001DB4D6 /* states */ = {
			isa = PBXGroup;
			children = (
				38C49C7B1C49CE77001DB4D6 /* wyoming.png */,
				38C49C7C1C49CE77001DB4D6 /* wisconsin.png */,
				38C49C7D1C49CE77001DB4D6 /* westVirginia.png */,
				38C49C7E1C49CE77001DB4D6 /* washington.png */,
				38C49C7F1C49CE77001DB4D6 /* virginia.png */,
				38C49C801C49CE77001DB4D6 /* vermont.png */,
				38C49C811C49CE77001DB4D6 /* utah.png */,
				38C49C821C49CE77001DB4D6 /* texas.png */,
				38C49C831C49CE77001DB4D6 /* tennessee.png */,
				38C49C841C49CE77001DB4D6 /* southDakota.png */,
				38C49C851C49CE77001DB4D6 /* southCarolina.png */,
				38C49C861C49CE77001DB4D6 /* rhodeIsland.png */,
				38C49C871C49CE77001DB4D6 /* pennsylvania.png */,
				38C49C881C49CE77001DB4D6 /* oregon.png */,
				38C49C891C49CE77001DB4D6 /* oklahoma.png */,
				38C49C8A1C49CE77001DB4D6 /* ohio.png */,
				38C49C8B1C49CE77001DB4D6 /* northDakota.png */,
				38C49C8C1C49CE77001DB4D6 /* northCarolina.png */,
				38C49C8D1C49CE77001DB4D6 /* newYork.png */,
				38C49C8E1C49CE77001DB4D6 /* newMexico.png */,
				38C49C8F1C49CE77001DB4D6 /* newJersey.png */,
				38C49C901C49CE77001DB4D6 /* newHampshire.png */,
				38C49C911C49CE77001DB4D6 /* nevada.png */,
				38C49C921C49CE77001DB4D6 /* nebraska.png */,
				38C49C931C49CE77001DB4D6 /* montana.png */,
				38C49C941C49CE77001DB4D6 /* missouri.png */,
				38C49C951C49CE77001DB4D6 /* mississippi.png */,
				38C49C961C49CE77001DB4D6 /* minnesota.png */,
				38C49C971C49CE77001DB4D6 /* michigan.png */,
				38C49C981C49CE77001DB4D6 /* massachusetts.png */,
				38C49C991C49CE77001DB4D6 /* maryland.png */,
				38C49C9A1C49CE77001DB4D6 /* maine.png */,
				38C49C9B1C49CE77001DB4D6 /* louisiana.png */,
				38C49C9C1C49CE77001DB4D6 /* kentucky.png */,
				38C49C9D1C49CE77001DB4D6 /* kansas.png */,
				38C49C9E1C49CE77001DB4D6 /* iowa.png */,
				38C49C9F1C49CE77001DB4D6 /* indiana.png */,
				38C49CA01C49CE77001DB4D6 /* illinois.png */,
				38C49CA11C49CE77001DB4D6 /* idaho.png */,
				38C49CA21C49CE77001DB4D6 /* hawaii.png */,
				38C49CA31C49CE77001DB4D6 /* georgia.png */,
				38C49CA41C49CE77001DB4D6 /* florida.png */,
				38C49CA51C49CE77001DB4D6 /* delaware.png */,
				38C49CA61C49CE77001DB4D6 /* connecticut.png */,
				38C49CA71C49CE77001DB4D6 /* colorado.png */,
				38C49C791C49CA64001DB4D6 /* california.png */,
				38C49CA81C49CE77001DB4D6 /* arkansas.png */,
				38C49CA91C49CE77001DB4D6 /* arizona.png */,
				38C49CAA1C49CE77001DB4D6 /* alaska.png */,
				38C49CAB1C49CE77001DB4D6 /* alabama.png */,
			);
			name = states;
			sourceTree = "<group>";
		};
/* End PBXGroup section */

/* Begin PBXNativeTarget section */
		383921981C41F442003320E3 /* StatesAndCapitals */ = {
			isa = PBXNativeTarget;
			buildConfigurationList = 383921AB1C41F442003320E3 /* Build configuration list for PBXNativeTarget "StatesAndCapitals" */;
			buildPhases = (
				383921951C41F442003320E3 /* Sources */,
				383921961C41F442003320E3 /* Frameworks */,
				383921971C41F442003320E3 /* Resources */,
			);
			buildRules = (
			);
			dependencies = (
			);
			name = StatesAndCapitals;
			productName = StatesAndCapitols;
			productReference = 383921991C41F442003320E3 /* StatesAndCapitals.app */;
			productType = "com.apple.product-type.application";
		};
/* End PBXNativeTarget section */

/* Begin PBXProject section */
		383921911C41F442003320E3 /* Project object */ = {
			isa = PBXProject;
			attributes = {
				LastSwiftUpdateCheck = 0710;
				LastUpgradeCheck = 0710;
				ORGANIZATIONNAME = "Rye Crowen";
				TargetAttributes = {
					383921981C41F442003320E3 = {
						CreatedOnToolsVersion = 7.1.1;
						DevelopmentTeam = L2H8ST9PY9;
					};
				};
			};
			buildConfigurationList = 383921941C41F442003320E3 /* Build configuration list for PBXProject "StatesAndCapitals" */;
			compatibilityVersion = "Xcode 3.2";
			developmentRegion = English;
			hasScannedForEncodings = 0;
			knownRegions = (
				en,
				Base,
			);
			mainGroup = 383921901C41F442003320E3;
			productRefGroup = 3839219A1C41F442003320E3 /* Products */;
			projectDirPath = "";
			projectRoot = "";
			targets = (
				383921981C41F442003320E3 /* StatesAndCapitals */,
			);
		};
/* End PBXProject section */

/* Begin PBXResourcesBuildPhase section */
		383921971C41F442003320E3 /* Resources */ = {
			isa = PBXResourcesBuildPhase;
			buildActionMask = 2147483647;
			files = (
				38C49CC81C49CE77001DB4D6 /* michigan.png in Resources */,
				383921A71C41F442003320E3 /* LaunchScreen.storyboard in Resources */,
				38C49CB91C49CE77001DB4D6 /* oregon.png in Resources */,
				38C49CB51C49CE77001DB4D6 /* southDakota.png in Resources */,
				38C49CD31C49CE77001DB4D6 /* hawaii.png in Resources */,
				38C49CD21C49CE77001DB4D6 /* idaho.png in Resources */,
				38C49CAE1C49CE77001DB4D6 /* westVirginia.png in Resources */,
				38C49CBC1C49CE77001DB4D6 /* northDakota.png in Resources */,
				38C49CB61C49CE77001DB4D6 /* southCarolina.png in Resources */,
				38C49CD61C49CE77001DB4D6 /* delaware.png in Resources */,
				38C49CDA1C49CE77001DB4D6 /* arizona.png in Resources */,
				38C49CC11C49CE77001DB4D6 /* newHampshire.png in Resources */,
				38C49CC01C49CE77001DB4D6 /* newJersey.png in Resources */,
				38C49C7A1C49CA64001DB4D6 /* california.png in Resources */,
				38C49CD91C49CE77001DB4D6 /* arkansas.png in Resources */,
				38C49CD01C49CE77001DB4D6 /* indiana.png in Resources */,
				38C49CCE1C49CE77001DB4D6 /* kansas.png in Resources */,
				38C49CCF1C49CE77001DB4D6 /* iowa.png in Resources */,
				38C49CBB1C49CE77001DB4D6 /* ohio.png in Resources */,
				38C49CD71C49CE77001DB4D6 /* connecticut.png in Resources */,
				38C49CAF1C49CE77001DB4D6 /* washington.png in Resources */,
				383921A41C41F442003320E3 /* Assets.xcassets in Resources */,
				38C49CDB1C49CE77001DB4D6 /* alaska.png in Resources */,
				38C49CC61C49CE77001DB4D6 /* mississippi.png in Resources */,
				38C49CDC1C49CE77001DB4D6 /* alabama.png in Resources */,
				38C49CC51C49CE77001DB4D6 /* missouri.png in Resources */,
				38C49CC71C49CE77001DB4D6 /* minnesota.png in Resources */,
				38C49CD51C49CE77001DB4D6 /* florida.png in Resources */,
				38C49CB31C49CE77001DB4D6 /* texas.png in Resources */,
				38C49CB41C49CE77001DB4D6 /* tennessee.png in Resources */,
				38C49CCB1C49CE77001DB4D6 /* maine.png in Resources */,
				38C49CCA1C49CE77001DB4D6 /* maryland.png in Resources */,
				38C49CD81C49CE77001DB4D6 /* colorado.png in Resources */,
				38C49CBA1C49CE77001DB4D6 /* oklahoma.png in Resources */,
				38C49CD11C49CE77001DB4D6 /* illinois.png in Resources */,
				38C49CB01C49CE77001DB4D6 /* virginia.png in Resources */,
				38C49CB81C49CE77001DB4D6 /* pennsylvania.png in Resources */,
				38C49CBF1C49CE77001DB4D6 /* newMexico.png in Resources */,
				38C49CC91C49CE77001DB4D6 /* massachusetts.png in Resources */,
				38C49CD41C49CE77001DB4D6 /* georgia.png in Resources */,
				38C49CCC1C49CE77001DB4D6 /* louisiana.png in Resources */,
				38C49CC31C49CE77001DB4D6 /* nebraska.png in Resources */,
				383921A21C41F442003320E3 /* Main.storyboard in Resources */,
				38C49CAC1C49CE77001DB4D6 /* wyoming.png in Resources */,
				38C49CAD1C49CE77001DB4D6 /* wisconsin.png in Resources */,
				38C49CBD1C49CE77001DB4D6 /* northCarolina.png in Resources */,
				38C49CC41C49CE77001DB4D6 /* montana.png in Resources */,
				38C49CB11C49CE77001DB4D6 /* vermont.png in Resources */,
				38C49CB21C49CE77001DB4D6 /* utah.png in Resources */,
				38C49CBE1C49CE77001DB4D6 /* newYork.png in Resources */,
				38C49CCD1C49CE77001DB4D6 /* kentucky.png in Resources */,
				38C49CC21C49CE77001DB4D6 /* nevada.png in Resources */,
				38C49CB71C49CE77001DB4D6 /* rhodeIsland.png in Resources */,
			);
			runOnlyForDeploymentPostprocessing = 0;
		};
/* End PBXResourcesBuildPhase section */

/* Begin PBXSourcesBuildPhase section */
		383921951C41F442003320E3 /* Sources */ = {
			isa = PBXSourcesBuildPhase;
			buildActionMask = 2147483647;
			files = (
				3839219F1C41F442003320E3 /* ViewController.swift in Sources */,
				3839219D1C41F442003320E3 /* AppDelegate.swift in Sources */,
				38C49C771C48B0A7001DB4D6 /* CapitolButton.swift in Sources */,
				38021B321C44AC7700CA31C6 /* StatesData.swift in Sources */,
			);
			runOnlyForDeploymentPostprocessing = 0;
		};
/* End PBXSourcesBuildPhase section */

/* Begin PBXVariantGroup section */
		383921A01C41F442003320E3 /* Main.storyboard */ = {
			isa = PBXVariantGroup;
			children = (
				383921A11C41F442003320E3 /* Base */,
			);
			name = Main.storyboard;
			sourceTree = "<group>";
		};
		383921A51C41F442003320E3 /* LaunchScreen.storyboard */ = {
			isa = PBXVariantGroup;
			children = (
				383921A61C41F442003320E3 /* Base */,
			);
			name = LaunchScreen.storyboard;
			sourceTree = "<group>";
		};
/* End PBXVariantGroup section */

/* Begin XCBuildConfiguration section */
		383921A91C41F442003320E3 /* Debug */ = {
			isa = XCBuildConfiguration;
			buildSettings = {
				ALWAYS_SEARCH_USER_PATHS = NO;
				CLANG_CXX_LANGUAGE_STANDARD = "gnu++0x";
				CLANG_CXX_LIBRARY = "libc++";
				CLANG_ENABLE_MODULES = YES;
				CLANG_ENABLE_OBJC_ARC = YES;
				CLANG_WARN_BOOL_CONVERSION = YES;
				CLANG_WARN_CONSTANT_CONVERSION = YES;
				CLANG_WARN_DIRECT_OBJC_ISA_USAGE = YES_ERROR;
				CLANG_WARN_EMPTY_BODY = YES;
				CLANG_WARN_ENUM_CONVERSION = YES;
				CLANG_WARN_INT_CONVERSION = YES;
				CLANG_WARN_OBJC_ROOT_CLASS = YES_ERROR;
				CLANG_WARN_UNREACHABLE_CODE = YES;
				CLANG_WARN__DUPLICATE_METHOD_MATCH = YES;
				"CODE_SIGN_IDENTITY[sdk=iphoneos*]" = "iPhone Developer";
				COPY_PHASE_STRIP = NO;
				DEBUG_INFORMATION_FORMAT = dwarf;
				ENABLE_STRICT_OBJC_MSGSEND = YES;
				ENABLE_TESTABILITY = YES;
				GCC_C_LANGUAGE_STANDARD = gnu99;
				GCC_DYNAMIC_NO_PIC = NO;
				GCC_NO_COMMON_BLOCKS = YES;
				GCC_OPTIMIZATION_LEVEL = 0;
				GCC_PREPROCESSOR_DEFINITIONS = (
					"DEBUG=1",
					"$(inherited)",
				);
				GCC_WARN_64_TO_32_BIT_CONVERSION = YES;
				GCC_WARN_ABOUT_RETURN_TYPE = YES_ERROR;
				GCC_WARN_UNDECLARED_SELECTOR = YES;
				GCC_WARN_UNINITIALIZED_AUTOS = YES_AGGRESSIVE;
				GCC_WARN_UNUSED_FUNCTION = YES;
				GCC_WARN_UNUSED_VARIABLE = YES;
				IPHONEOS_DEPLOYMENT_TARGET = 9.1;
				MTL_ENABLE_DEBUG_INFO = YES;
				ONLY_ACTIVE_ARCH = YES;
				SDKROOT = iphoneos;
				SWIFT_OPTIMIZATION_LEVEL = "-Onone";
			};
			name = Debug;
		};
		383921AA1C41F442003320E3 /* Release */ = {
			isa = XCBuildConfiguration;
			buildSettings = {
				ALWAYS_SEARCH_USER_PATHS = NO;
				CLANG_CXX_LANGUAGE_STANDARD = "gnu++0x";
				CLANG_CXX_LIBRARY = "libc++";
				CLANG_ENABLE_MODULES = YES;
				CLANG_ENABLE_OBJC_ARC = YES;
				CLANG_WARN_BOOL_CONVERSION = YES;
				CLANG_WARN_CONSTANT_CONVERSION = YES;
				CLANG_WARN_DIRECT_OBJC_ISA_USAGE = YES_ERROR;
				CLANG_WARN_EMPTY_BODY = YES;
				CLANG_WARN_ENUM_CONVERSION = YES;
				CLANG_WARN_INT_CONVERSION = YES;
				CLANG_WARN_OBJC_ROOT_CLASS = YES_ERROR;
				CLANG_WARN_UNREACHABLE_CODE = YES;
				CLANG_WARN__DUPLICATE_METHOD_MATCH = YES;
				"CODE_SIGN_IDENTITY[sdk=iphoneos*]" = "iPhone Developer";
				COPY_PHASE_STRIP = NO;
				DEBUG_INFORMATION_FORMAT = "dwarf-with-dsym";
				ENABLE_NS_ASSERTIONS = NO;
				ENABLE_STRICT_OBJC_MSGSEND = YES;
				GCC_C_LANGUAGE_STANDARD = gnu99;
				GCC_NO_COMMON_BLOCKS = YES;
				GCC_WARN_64_TO_32_BIT_CONVERSION = YES;
				GCC_WARN_ABOUT_RETURN_TYPE = YES_ERROR;
				GCC_WARN_UNDECLARED_SELECTOR = YES;
				GCC_WARN_UNINITIALIZED_AUTOS = YES_AGGRESSIVE;
				GCC_WARN_UNUSED_FUNCTION = YES;
				GCC_WARN_UNUSED_VARIABLE = YES;
				IPHONEOS_DEPLOYMENT_TARGET = 9.1;
				MTL_ENABLE_DEBUG_INFO = NO;
				SDKROOT = iphoneos;
				VALIDATE_PRODUCT = YES;
			};
			name = Release;
		};
		383921AC1C41F442003320E3 /* Debug */ = {
			isa = XCBuildConfiguration;
			buildSettings = {
				ASSETCATALOG_COMPILER_APPICON_NAME = AppIcon;
				INFOPLIST_FILE = StatesAndCapitols/Info.plist;
				LD_RUNPATH_SEARCH_PATHS = "$(inherited) @executable_path/Frameworks";
				PRODUCT_BUNDLE_IDENTIFIER = com.ryecrowendesign.StatesAndCapitols;
				PRODUCT_NAME = StatesAndCapitals;
			};
			name = Debug;
		};
		383921AD1C41F442003320E3 /* Release */ = {
			isa = XCBuildConfiguration;
			buildSettings = {
				ASSETCATALOG_COMPILER_APPICON_NAME = AppIcon;
				INFOPLIST_FILE = StatesAndCapitols/Info.plist;
				LD_RUNPATH_SEARCH_PATHS = "$(inherited) @executable_path/Frameworks";
				PRODUCT_BUNDLE_IDENTIFIER = com.ryecrowendesign.StatesAndCapitols;
				PRODUCT_NAME = StatesAndCapitals;
			};
			name = Release;
		};
/* End XCBuildConfiguration section */

/* Begin XCConfigurationList section */
		383921941C41F442003320E3 /* Build configuration list for PBXProject "StatesAndCapitals" */ = {
			isa = XCConfigurationList;
			buildConfigurations = (
				383921A91C41F442003320E3 /* Debug */,
				383921AA1C41F442003320E3 /* Release */,
			);
			defaultConfigurationIsVisible = 0;
			defaultConfigurationName = Release;
		};
		383921AB1C41F442003320E3 /* Build configuration list for PBXNativeTarget "StatesAndCapitals" */ = {
			isa = XCConfigurationList;
			buildConfigurations = (
				383921AC1C41F442003320E3 /* Debug */,
				383921AD1C41F442003320E3 /* Release */,
			);
			defaultConfigurationIsVisible = 0;
			defaultConfigurationName = Release;
		};
/* End XCConfigurationList section */
	};
	rootObject = 383921911C41F442003320E3 /* Project object */;
}
